
Microsoft Visual Studio Solution File, Format Version 12.00
# Visual Studio 15
VisualStudioVersion = 15.0.26430.6
MinimumVisualStudioVersion = 10.0.40219.1
Project("{FAE04EC0-301F-11D3-BF4B-00C04F79EFBC}") = "Acr.Mvvm", "Acr.Mvvm\Acr.Mvvm.csproj", "{6489EF16-BA31-420C-A037-6F00273B403D}"
EndProject
Project("{2150E333-8FDC-42A3-9474-1A3956D46DE8}") = "Solution Items", "Solution Items", "{F31EB84F-84ED-458A-B2F5-3FD9761703D8}"
	ProjectSection(SolutionItems) = preProject
		nuspec\Acr.Mvvm.nuspec = nuspec\Acr.Mvvm.nuspec
		nuspec\Acr.XamForms.nuspec = nuspec\Acr.XamForms.nuspec
		nuspec\nuget.exe = nuspec\nuget.exe
		nuspec\pack.cmd = nuspec\pack.cmd
		nuspec\push.cmd = nuspec\push.cmd
	EndProjectSection
EndProject
Project("{FAE04EC0-301F-11D3-BF4B-00C04F79EFBC}") = "Acr.XamForms", "Acr.XamForms\Acr.XamForms.csproj", "{41083586-F232-48E6-A099-0DC9C3735FD5}"
EndProject
Project("{FAE04EC0-301F-11D3-BF4B-00C04F79EFBC}") = "Sample.Android", "Sample\Sample.Android\Sample.Android.csproj", "{EEA918C0-CCA1-469B-9256-AC2B0F5620DF}"
EndProject
Project("{FAE04EC0-301F-11D3-BF4B-00C04F79EFBC}") = "Sample", "Sample\Sample\Sample.csproj", "{84A986EF-CEB5-4225-BE3D-113DA5F91C79}"
EndProject
Project("{FAE04EC0-301F-11D3-BF4B-00C04F79EFBC}") = "Sample.iOS", "Sample\Sample.iOS\Sample.iOS.csproj", "{EB4554C5-DCF9-4509-9AC8-1CF3FB8F612F}"
EndProject
Global
	GlobalSection(SolutionConfigurationPlatforms) = preSolution
		Ad-Hoc|Any CPU = Ad-Hoc|Any CPU
		Ad-Hoc|iPhone = Ad-Hoc|iPhone
		Ad-Hoc|iPhoneSimulator = Ad-Hoc|iPhoneSimulator
		AppStore|Any CPU = AppStore|Any CPU
		AppStore|iPhone = AppStore|iPhone
		AppStore|iPhoneSimulator = AppStore|iPhoneSimulator
		Debug|Any CPU = Debug|Any CPU
		Debug|iPhone = Debug|iPhone
		Debug|iPhoneSimulator = Debug|iPhoneSimulator
		Release|Any CPU = Release|Any CPU
		Release|iPhone = Release|iPhone
		Release|iPhoneSimulator = Release|iPhoneSimulator
	EndGlobalSection
	GlobalSection(ProjectConfigurationPlatforms) = postSolution
		{6489EF16-BA31-420C-A037-6F00273B403D}.Ad-Hoc|Any CPU.ActiveCfg = Release|Any CPU
		{6489EF16-BA31-420C-A037-6F00273B403D}.Ad-Hoc|Any CPU.Build.0 = Release|Any CPU
		{6489EF16-BA31-420C-A037-6F00273B403D}.Ad-Hoc|iPhone.ActiveCfg = Release|Any CPU
		{6489EF16-BA31-420C-A037-6F00273B403D}.Ad-Hoc|iPhone.Build.0 = Release|Any CPU
		{6489EF16-BA31-420C-A037-6F00273B403D}.Ad-Hoc|iPhoneSimulator.ActiveCfg = Release|Any CPU
		{6489EF16-BA31-420C-A037-6F00273B403D}.Ad-Hoc|iPhoneSimulator.Build.0 = Release|Any CPU
		{6489EF16-BA31-420C-A037-6F00273B403D}.AppStore|Any CPU.ActiveCfg = Release|Any CPU
		{6489EF16-BA31-420C-A037-6F00273B403D}.AppStore|Any CPU.Build.0 = Release|Any CPU
		{6489EF16-BA31-420C-A037-6F00273B403D}.AppStore|iPhone.ActiveCfg = Release|Any CPU
		{6489EF16-BA31-420C-A037-6F00273B403D}.AppStore|iPhone.Build.0 = Release|Any CPU
		{6489EF16-BA31-420C-A037-6F00273B403D}.AppStore|iPhoneSimulator.ActiveCfg = Release|Any CPU
		{6489EF16-BA31-420C-A037-6F00273B403D}.AppStore|iPhoneSimulator.Build.0 = Release|Any CPU
		{6489EF16-BA31-420C-A037-6F00273B403D}.Debug|Any CPU.ActiveCfg = Debug|Any CPU
		{6489EF16-BA31-420C-A037-6F00273B403D}.Debug|Any CPU.Build.0 = Debug|Any CPU
		{6489EF16-BA31-420C-A037-6F00273B403D}.Debug|iPhone.ActiveCfg = Debug|Any CPU
		{6489EF16-BA31-420C-A037-6F00273B403D}.Debug|iPhone.Build.0 = Debug|Any CPU
		{6489EF16-BA31-420C-A037-6F00273B403D}.Debug|iPhoneSimulator.ActiveCfg = Debug|Any CPU
		{6489EF16-BA31-420C-A037-6F00273B403D}.Debug|iPhoneSimulator.Build.0 = Debug|Any CPU
		{6489EF16-BA31-420C-A037-6F00273B403D}.Release|Any CPU.ActiveCfg = Release|Any CPU
		{6489EF16-BA31-420C-A037-6F00273B403D}.Release|Any CPU.Build.0 = Release|Any CPU
		{6489EF16-BA31-420C-A037-6F00273B403D}.Release|iPhone.ActiveCfg = Release|Any CPU
		{6489EF16-BA31-420C-A037-6F00273B403D}.Release|iPhone.Build.0 = Release|Any CPU
		{6489EF16-BA31-420C-A037-6F00273B403D}.Release|iPhoneSimulator.ActiveCfg = Release|Any CPU
		{6489EF16-BA31-420C-A037-6F00273B403D}.Release|iPhoneSimulator.Build.0 = Release|Any CPU
		{41083586-F232-48E6-A099-0DC9C3735FD5}.Ad-Hoc|Any CPU.ActiveCfg = Release|Any CPU
		{41083586-F232-48E6-A099-0DC9C3735FD5}.Ad-Hoc|Any CPU.Build.0 = Release|Any CPU
		{41083586-F232-48E6-A099-0DC9C3735FD5}.Ad-Hoc|iPhone.ActiveCfg = Release|Any CPU
		{41083586-F232-48E6-A099-0DC9C3735FD5}.Ad-Hoc|iPhone.Build.0 = Release|Any CPU
		{41083586-F232-48E6-A099-0DC9C3735FD5}.Ad-Hoc|iPhoneSimulator.ActiveCfg = Release|Any CPU
		{41083586-F232-48E6-A099-0DC9C3735FD5}.Ad-Hoc|iPhoneSimulator.Build.0 = Release|Any CPU
		{41083586-F232-48E6-A099-0DC9C3735FD5}.AppStore|Any CPU.ActiveCfg = Release|Any CPU
		{41083586-F232-48E6-A099-0DC9C3735FD5}.AppStore|Any CPU.Build.0 = Release|Any CPU
		{41083586-F232-48E6-A099-0DC9C3735FD5}.AppStore|iPhone.ActiveCfg = Release|Any CPU
		{41083586-F232-48E6-A099-0DC9C3735FD5}.AppStore|iPhone.Build.0 = Release|Any CPU
		{41083586-F232-48E6-A099-0DC9C3735FD5}.AppStore|iPhoneSimulator.ActiveCfg = Release|Any CPU
		{41083586-F232-48E6-A099-0DC9C3735FD5}.AppStore|iPhoneSimulator.Build.0 = Release|Any CPU
		{41083586-F232-48E6-A099-0DC9C3735FD5}.Debug|Any CPU.ActiveCfg = Debug|Any CPU
		{41083586-F232-48E6-A099-0DC9C3735FD5}.Debug|Any CPU.Build.0 = Debug|Any CPU
		{41083586-F232-48E6-A099-0DC9C3735FD5}.Debug|iPhone.ActiveCfg = Debug|Any CPU
		{41083586-F232-48E6-A099-0DC9C3735FD5}.Debug|iPhone.Build.0 = Debug|Any CPU
		{41083586-F232-48E6-A099-0DC9C3735FD5}.Debug|iPhoneSimulator.ActiveCfg = Debug|Any CPU
		{41083586-F232-48E6-A099-0DC9C3735FD5}.Debug|iPhoneSimulator.Build.0 = Debug|Any CPU
		{41083586-F232-48E6-A099-0DC9C3735FD5}.Release|Any CPU.ActiveCfg = Release|Any CPU
		{41083586-F232-48E6-A099-0DC9C3735FD5}.Release|Any CPU.Build.0 = Release|Any CPU
		{41083586-F232-48E6-A099-0DC9C3735FD5}.Release|iPhone.ActiveCfg = Release|Any CPU
		{41083586-F232-48E6-A099-0DC9C3735FD5}.Release|iPhone.Build.0 = Release|Any CPU
		{41083586-F232-48E6-A099-0DC9C3735FD5}.Release|iPhoneSimulator.ActiveCfg = Release|Any CPU
		{41083586-F232-48E6-A099-0DC9C3735FD5}.Release|iPhoneSimulator.Build.0 = Release|Any CPU
		{EEA918C0-CCA1-469B-9256-AC2B0F5620DF}.Ad-Hoc|Any CPU.ActiveCfg = Release|Any CPU
		{EEA918C0-CCA1-469B-9256-AC2B0F5620DF}.Ad-Hoc|Any CPU.Build.0 = Release|Any CPU
		{EEA918C0-CCA1-469B-9256-AC2B0F5620DF}.Ad-Hoc|Any CPU.Deploy.0 = Release|Any CPU
		{EEA918C0-CCA1-469B-9256-AC2B0F5620DF}.Ad-Hoc|iPhone.ActiveCfg = Release|Any CPU
		{EEA918C0-CCA1-469B-9256-AC2B0F5620DF}.Ad-Hoc|iPhone.Build.0 = Release|Any CPU
		{EEA918C0-CCA1-469B-9256-AC2B0F5620DF}.Ad-Hoc|iPhone.Deploy.0 = Release|Any CPU
		{EEA918C0-CCA1-469B-9256-AC2B0F5620DF}.Ad-Hoc|iPhoneSimulator.ActiveCfg = Release|Any CPU
		{EEA918C0-CCA1-469B-9256-AC2B0F5620DF}.Ad-Hoc|iPhoneSimulator.Build.0 = Release|Any CPU
		{EEA918C0-CCA1-469B-9256-AC2B0F5620DF}.Ad-Hoc|iPhoneSimulator.Deploy.0 = Release|Any CPU
		{EEA918C0-CCA1-469B-9256-AC2B0F5620DF}.AppStore|Any CPU.ActiveCfg = Release|Any CPU
		{EEA918C0-CCA1-469B-9256-AC2B0F5620DF}.AppStore|Any CPU.Build.0 = Release|Any CPU
		{EEA918C0-CCA1-469B-9256-AC2B0F5620DF}.AppStore|Any CPU.Deploy.0 = Release|Any CPU
		{EEA918C0-CCA1-469B-9256-AC2B0F5620DF}.AppStore|iPhone.ActiveCfg = Release|Any CPU
		{EEA918C0-CCA1-469B-9256-AC2B0F5620DF}.AppStore|iPhone.Build.0 = Release|Any CPU
		{EEA918C0-CCA1-469B-9256-AC2B0F5620DF}.AppStore|iPhone.Deploy.0 = Release|Any CPU
		{EEA918C0-CCA1-469B-9256-AC2B0F5620DF}.AppStore|iPhoneSimulator.ActiveCfg = Release|Any CPU
		{EEA918C0-CCA1-469B-9256-AC2B0F5620DF}.AppStore|iPhoneSimulator.Build.0 = Release|Any CPU
		{EEA918C0-CCA1-469B-9256-AC2B0F5620DF}.AppStore|iPhoneSimulator.Deploy.0 = Release|Any CPU
		{EEA918C0-CCA1-469B-9256-AC2B0F5620DF}.Debug|Any CPU.ActiveCfg = Debug|Any CPU
		{EEA918C0-CCA1-469B-9256-AC2B0F5620DF}.Debug|Any CPU.Build.0 = Debug|Any CPU
		{EEA918C0-CCA1-469B-9256-AC2B0F5620DF}.Debug|Any CPU.Deploy.0 = Debug|Any CPU
		{EEA918C0-CCA1-469B-9256-AC2B0F5620DF}.Debug|iPhone.ActiveCfg = Debug|Any CPU
		{EEA918C0-CCA1-469B-9256-AC2B0F5620DF}.Debug|iPhone.Build.0 = Debug|Any CPU
		{EEA918C0-CCA1-469B-9256-AC2B0F5620DF}.Debug|iPhone.Deploy.0 = Debug|Any CPU
		{EEA918C0-CCA1-469B-9256-AC2B0F5620DF}.Debug|iPhoneSimulator.ActiveCfg = Debug|Any CPU
		{EEA918C0-CCA1-469B-9256-AC2B0F5620DF}.Debug|iPhoneSimulator.Build.0 = Debug|Any CPU
		{EEA918C0-CCA1-469B-9256-AC2B0F5620DF}.Debug|iPhoneSimulator.Deploy.0 = Debug|Any CPU
		{EEA918C0-CCA1-469B-9256-AC2B0F5620DF}.Release|Any CPU.ActiveCfg = Release|Any CPU
		{EEA918C0-CCA1-469B-9256-AC2B0F5620DF}.Release|Any CPU.Build.0 = Release|Any CPU
		{EEA918C0-CCA1-469B-9256-AC2B0F5620DF}.Release|Any CPU.Deploy.0 = Release|Any CPU
		{EEA918C0-CCA1-469B-9256-AC2B0F5620DF}.Release|iPhone.ActiveCfg = Release|Any CPU
		{EEA918C0-CCA1-469B-9256-AC2B0F5620DF}.Release|iPhone.Build.0 = Release|Any CPU
		{EEA918C0-CCA1-469B-9256-AC2B0F5620DF}.Release|iPhone.Deploy.0 = Release|Any CPU
		{EEA918C0-CCA1-469B-9256-AC2B0F5620DF}.Release|iPhoneSimulator.ActiveCfg = Release|Any CPU
		{EEA918C0-CCA1-469B-9256-AC2B0F5620DF}.Release|iPhoneSimulator.Build.0 = Release|Any CPU
		{EEA918C0-CCA1-469B-9256-AC2B0F5620DF}.Release|iPhoneSimulator.Deploy.0 = Release|Any CPU
		{84A986EF-CEB5-4225-BE3D-113DA5F91C79}.Ad-Hoc|Any CPU.ActiveCfg = Release|Any CPU
		{84A986EF-CEB5-4225-BE3D-113DA5F91C79}.Ad-Hoc|Any CPU.Build.0 = Release|Any CPU
		{84A986EF-CEB5-4225-BE3D-113DA5F91C79}.Ad-Hoc|iPhone.ActiveCfg = Release|Any CPU
		{84A986EF-CEB5-4225-BE3D-113DA5F91C79}.Ad-Hoc|iPhone.Build.0 = Release|Any CPU
		{84A986EF-CEB5-4225-BE3D-113DA5F91C79}.Ad-Hoc|iPhoneSimulator.ActiveCfg = Release|Any CPU
		{84A986EF-CEB5-4225-BE3D-113DA5F91C79}.Ad-Hoc|iPhoneSimulator.Build.0 = Release|Any CPU
		{84A986EF-CEB5-4225-BE3D-113DA5F91C79}.AppStore|Any CPU.ActiveCfg = Release|Any CPU
		{84A986EF-CEB5-4225-BE3D-113DA5F91C79}.AppStore|Any CPU.Build.0 = Release|Any CPU
		{84A986EF-CEB5-4225-BE3D-113DA5F91C79}.AppStore|iPhone.ActiveCfg = Release|Any CPU
		{84A986EF-CEB5-4225-BE3D-113DA5F91C79}.AppStore|iPhone.Build.0 = Release|Any CPU
		{84A986EF-CEB5-4225-BE3D-113DA5F91C79}.AppStore|iPhoneSimulator.ActiveCfg = Release|Any CPU
		{84A986EF-CEB5-4225-BE3D-113DA5F91C79}.AppStore|iPhoneSimulator.Build.0 = Release|Any CPU
		{84A986EF-CEB5-4225-BE3D-113DA5F91C79}.Debug|Any CPU.ActiveCfg = Debug|Any CPU
		{84A986EF-CEB5-4225-BE3D-113DA5F91C79}.Debug|Any CPU.Build.0 = Debug|Any CPU
		{84A986EF-CEB5-4225-BE3D-113DA5F91C79}.Debug|iPhone.ActiveCfg = Debug|Any CPU
		{84A986EF-CEB5-4225-BE3D-113DA5F91C79}.Debug|iPhone.Build.0 = Debug|Any CPU
		{84A986EF-CEB5-4225-BE3D-113DA5F91C79}.Debug|iPhoneSimulator.ActiveCfg = Debug|Any CPU
		{84A986EF-CEB5-4225-BE3D-113DA5F91C79}.Debug|iPhoneSimulator.Build.0 = Debug|Any CPU
		{84A986EF-CEB5-4225-BE3D-113DA5F91C79}.Release|Any CPU.ActiveCfg = Release|Any CPU
		{84A986EF-CEB5-4225-BE3D-113DA5F91C79}.Release|Any CPU.Build.0 = Release|Any CPU
		{84A986EF-CEB5-4225-BE3D-113DA5F91C79}.Release|iPhone.ActiveCfg = Release|Any CPU
		{84A986EF-CEB5-4225-BE3D-113DA5F91C79}.Release|iPhone.Build.0 = Release|Any CPU
		{84A986EF-CEB5-4225-BE3D-113DA5F91C79}.Release|iPhoneSimulator.ActiveCfg = Release|Any CPU
		{84A986EF-CEB5-4225-BE3D-113DA5F91C79}.Release|iPhoneSimulator.Build.0 = Release|Any CPU
		{EB4554C5-DCF9-4509-9AC8-1CF3FB8F612F}.Ad-Hoc|Any CPU.ActiveCfg = Ad-Hoc|iPhone
		{EB4554C5-DCF9-4509-9AC8-1CF3FB8F612F}.Ad-Hoc|iPhone.ActiveCfg = Ad-Hoc|iPhone
		{EB4554C5-DCF9-4509-9AC8-1CF3FB8F612F}.Ad-Hoc|iPhone.Build.0 = Ad-Hoc|iPhone
		{EB4554C5-DCF9-4509-9AC8-1CF3FB8F612F}.Ad-Hoc|iPhoneSimulator.ActiveCfg = Ad-Hoc|iPhoneSimulator
		{EB4554C5-DCF9-4509-9AC8-1CF3FB8F612F}.Ad-Hoc|iPhoneSimulator.Build.0 = Ad-Hoc|iPhoneSimulator
		{EB4554C5-DCF9-4509-9AC8-1CF3FB8F612F}.AppStore|Any CPU.ActiveCfg = AppStore|iPhone
		{EB4554C5-DCF9-4509-9AC8-1CF3FB8F612F}.AppStore|iPhone.ActiveCfg = AppStore|iPhone
		{EB4554C5-DCF9-4509-9AC8-1CF3FB8F612F}.AppStore|iPhone.Build.0 = AppStore|iPhone
		{EB4554C5-DCF9-4509-9AC8-1CF3FB8F612F}.AppStore|iPhoneSimulator.ActiveCfg = AppStore|iPhoneSimulator
		{EB4554C5-DCF9-4509-9AC8-1CF3FB8F612F}.AppStore|iPhoneSimulator.Build.0 = AppStore|iPhoneSimulator
		{EB4554C5-DCF9-4509-9AC8-1CF3FB8F612F}.Debug|Any CPU.ActiveCfg = Debug|iPhone
		{EB4554C5-DCF9-4509-9AC8-1CF3FB8F612F}.Debug|iPhone.ActiveCfg = Debug|iPhone
		{EB4554C5-DCF9-4509-9AC8-1CF3FB8F612F}.Debug|iPhone.Build.0 = Debug|iPhone
		{EB4554C5-DCF9-4509-9AC8-1CF3FB8F612F}.Debug|iPhoneSimulator.ActiveCfg = Debug|iPhoneSimulator
		{EB4554C5-DCF9-4509-9AC8-1CF3FB8F612F}.Debug|iPhoneSimulator.Build.0 = Debug|iPhoneSimulator
		{EB4554C5-DCF9-4509-9AC8-1CF3FB8F612F}.Release|Any CPU.ActiveCfg = Release|iPhone
		{EB4554C5-DCF9-4509-9AC8-1CF3FB8F612F}.Release|iPhone.ActiveCfg = Release|iPhone
		{EB4554C5-DCF9-4509-9AC8-1CF3FB8F612F}.Release|iPhone.Build.0 = Release|iPhone
		{EB4554C5-DCF9-4509-9AC8-1CF3FB8F612F}.Release|iPhoneSimulator.ActiveCfg = Release|iPhoneSimulator
		{EB4554C5-DCF9-4509-9AC8-1CF3FB8F612F}.Release|iPhoneSimulator.Build.0 = Release|iPhoneSimulator
	EndGlobalSection
	GlobalSection(SolutionProperties) = preSolution
		HideSolutionNode = FALSE
	EndGlobalSection
EndGlobal
